uuid: 7c095e8f-ef4d-4a82-ace9-0ff53a6383b5
langcode: de
status: true
dependencies:
  config:
    - views.view.blog
  module:
    - block_class
    - system
    - views
  theme:
    - fahrradinitiativen
third_party_settings:
  block_class:
    classes: ''
id: views_blog_block
theme: fahrradinitiativen
region: sidebar_second
weight: -4
provider: null
plugin: 'views_block:blog-block_1'
settings:
  id: 'views_block:blog-block_1'
  label: ''
  provider: views
  label_display: visible
  views_label: ''
  items_per_page: none
visibility:
  request_path:
    id: request_path
    pages: "/beitraege\r\n/beitraege/*\r\n/taxonomy/*"
    negate: false
    context_mapping: {  }
