uuid: 7885657e-0608-4a95-a0ab-5c9068588f50
langcode: de
status: true
dependencies:
  config:
    - views.view.tags
  module:
    - block_class
    - system
    - views
  theme:
    - fahrradinitiativen
third_party_settings:
  block_class:
    classes: ''
id: views_tags_block
theme: fahrradinitiativen
region: sidebar_second
weight: -5
provider: null
plugin: 'views_block:tags-block_1'
settings:
  id: 'views_block:tags-block_1'
  label: ''
  provider: views
  label_display: visible
  views_label: ''
  items_per_page: none
visibility:
  request_path:
    id: request_path
    pages: "/beitraege\r\n/beitraege/*\r\n/taxonomy/*"
    negate: false
    context_mapping: {  }
